
Microsoft Visual Studio Solution File, Format Version 12.00
# Visual Studio Version 16
VisualStudioVersion = 16.0.31112.23
MinimumVisualStudioVersion = 10.0.40219.1
Project("{FAE04EC0-301F-11D3-BF4B-00C04F79EFBC}") = "Ecommerce-Framework.Api", "Ecommerce-Framework.Api\Ecommerce-Framework.Api.csproj", "{95B4900E-C7CD-45F6-BD2E-6F9D1C39B291}"
EndProject
Global
	GlobalSection(SolutionConfigurationPlatforms) = preSolution
		Debug|Any CPU = Debug|Any CPU
		Release|Any CPU = Release|Any CPU
	EndGlobalSection
	GlobalSection(ProjectConfigurationPlatforms) = postSolution
		{95B4900E-C7CD-45F6-BD2E-6F9D1C39B291}.Debug|Any CPU.ActiveCfg = Debug|Any CPU
		{95B4900E-C7CD-45F6-BD2E-6F9D1C39B291}.Debug|Any CPU.Build.0 = Debug|Any CPU
		{95B4900E-C7CD-45F6-BD2E-6F9D1C39B291}.Release|Any CPU.ActiveCfg = Release|Any CPU
		{95B4900E-C7CD-45F6-BD2E-6F9D1C39B291}.Release|Any CPU.Build.0 = Release|Any CPU
	EndGlobalSection
	GlobalSection(SolutionProperties) = preSolution
		HideSolutionNode = FALSE
	EndGlobalSection
	GlobalSection(ExtensibilityGlobals) = postSolution
		SolutionGuid = {1DF10225-509A-4036-A411-89995703EEBC}
	EndGlobalSection
EndGlobal
